// !$*UTF8*$!
{
	archiveVersion = 1;
	classes = {
	};
	objectVersion = 56;
	objects = {

/* Begin PBXBuildFile section */
		36AB9A3B2C12A5AC00259149 /* AppDelegate.swift in Sources */ = {isa = PBXBuildFile; fileRef = 36AB9A3A2C12A5AC00259149 /* AppDelegate.swift */; };
		36AB9A3D2C12A5AC00259149 /* SceneDelegate.swift in Sources */ = {isa = PBXBuildFile; fileRef = 36AB9A3C2C12A5AC00259149 /* SceneDelegate.swift */; };
		36AB9A3F2C12A5AC00259149 /* ViewController.swift in Sources */ = {isa = PBXBuildFile; fileRef = 36AB9A3E2C12A5AC00259149 /* ViewController.swift */; };
		36AB9A422C12A5AC00259149 /* Base in Resources */ = {isa = PBXBuildFile; fileRef = 36AB9A412C12A5AC00259149 /* Base */; };
		36AB9A442C12A5AD00259149 /* Assets.xcassets in Resources */ = {isa = PBXBuildFile; fileRef = 36AB9A432C12A5AD00259149 /* Assets.xcassets */; };
		36AB9A472C12A5AD00259149 /* Base in Resources */ = {isa = PBXBuildFile; fileRef = 36AB9A462C12A5AD00259149 /* Base */; };
		36E693842C1388F1007EE8BE /* Inter-Medium.ttf in Resources */ = {isa = PBXBuildFile; fileRef = 36E693802C1388F1007EE8BE /* Inter-Medium.ttf */; };
		36E693862C138C51007EE8BE /* Inter-Bold.ttf in Resources */ = {isa = PBXBuildFile; fileRef = 36E6937F2C1388F1007EE8BE /* Inter-Bold.ttf */; };
		36E693872C138C51007EE8BE /* Inter-Regular.ttf in Resources */ = {isa = PBXBuildFile; fileRef = 36E6937E2C1388F1007EE8BE /* Inter-Regular.ttf */; };
		36E693882C138C51007EE8BE /* Inter-Thin.ttf in Resources */ = {isa = PBXBuildFile; fileRef = 36E693812C1388F1007EE8BE /* Inter-Thin.ttf */; };
		36E6938B2C138E93007EE8BE /* Welcome1VC.swift in Sources */ = {isa = PBXBuildFile; fileRef = 36E6938A2C138E93007EE8BE /* Welcome1VC.swift */; };
		36E6938D2C139796007EE8BE /* Welcome2VC.swift in Sources */ = {isa = PBXBuildFile; fileRef = 36E6938C2C139796007EE8BE /* Welcome2VC.swift */; };
		36E6938F2C139C4D007EE8BE /* Welcome3VC.swift in Sources */ = {isa = PBXBuildFile; fileRef = 36E6938E2C139C4D007EE8BE /* Welcome3VC.swift */; };
		36E693912C13A134007EE8BE /* LoginVC.swift in Sources */ = {isa = PBXBuildFile; fileRef = 36E693902C13A134007EE8BE /* LoginVC.swift */; };
		36E693942C13A156007EE8BE /* LoginVC.storyboard in Resources */ = {isa = PBXBuildFile; fileRef = 36E693932C13A156007EE8BE /* LoginVC.storyboard */; };
		36E693972C13A27E007EE8BE /* SignUpVC.storyboard in Resources */ = {isa = PBXBuildFile; fileRef = 36E693962C13A27E007EE8BE /* SignUpVC.storyboard */; };
		36E693992C13A294007EE8BE /* SignUpVC.swift in Sources */ = {isa = PBXBuildFile; fileRef = 36E693982C13A294007EE8BE /* SignUpVC.swift */; };
/* End PBXBuildFile section */

/* Begin PBXFileReference section */
		36AB9A372C12A5AC00259149 /* Falcon.app */ = {isa = PBXFileReference; explicitFileType = wrapper.application; includeInIndex = 0; path = Falcon.app; sourceTree = BUILT_PRODUCTS_DIR; };
		36AB9A3A2C12A5AC00259149 /* AppDelegate.swift */ = {isa = PBXFileReference; lastKnownFileType = sourcecode.swift; path = AppDelegate.swift; sourceTree = "<group>"; };
		36AB9A3C2C12A5AC00259149 /* SceneDelegate.swift */ = {isa = PBXFileReference; lastKnownFileType = sourcecode.swift; path = SceneDelegate.swift; sourceTree = "<group>"; };
		36AB9A3E2C12A5AC00259149 /* ViewController.swift */ = {isa = PBXFileReference; lastKnownFileType = sourcecode.swift; path = ViewController.swift; sourceTree = "<group>"; };
		36AB9A412C12A5AC00259149 /* Base */ = {isa = PBXFileReference; lastKnownFileType = file.storyboard; name = Base; path = Base.lproj/Main.storyboard; sourceTree = "<group>"; };
		36AB9A432C12A5AD00259149 /* Assets.xcassets */ = {isa = PBXFileReference; lastKnownFileType = folder.assetcatalog; path = Assets.xcassets; sourceTree = "<group>"; };
		36AB9A462C12A5AD00259149 /* Base */ = {isa = PBXFileReference; lastKnownFileType = file.storyboard; name = Base; path = Base.lproj/LaunchScreen.storyboard; sourceTree = "<group>"; };
		36AB9A482C12A5AD00259149 /* Info.plist */ = {isa = PBXFileReference; lastKnownFileType = text.plist.xml; path = Info.plist; sourceTree = "<group>"; };
		36E6937E2C1388F1007EE8BE /* Inter-Regular.ttf */ = {isa = PBXFileReference; lastKnownFileType = file; path = "Inter-Regular.ttf"; sourceTree = "<group>"; };
		36E6937F2C1388F1007EE8BE /* Inter-Bold.ttf */ = {isa = PBXFileReference; lastKnownFileType = file; path = "Inter-Bold.ttf"; sourceTree = "<group>"; };
		36E693802C1388F1007EE8BE /* Inter-Medium.ttf */ = {isa = PBXFileReference; lastKnownFileType = file; path = "Inter-Medium.ttf"; sourceTree = "<group>"; };
		36E693812C1388F1007EE8BE /* Inter-Thin.ttf */ = {isa = PBXFileReference; lastKnownFileType = file; path = "Inter-Thin.ttf"; sourceTree = "<group>"; };
		36E6938A2C138E93007EE8BE /* Welcome1VC.swift */ = {isa = PBXFileReference; lastKnownFileType = sourcecode.swift; path = Welcome1VC.swift; sourceTree = "<group>"; };
		36E6938C2C139796007EE8BE /* Welcome2VC.swift */ = {isa = PBXFileReference; lastKnownFileType = sourcecode.swift; path = Welcome2VC.swift; sourceTree = "<group>"; };
		36E6938E2C139C4D007EE8BE /* Welcome3VC.swift */ = {isa = PBXFileReference; lastKnownFileType = sourcecode.swift; path = Welcome3VC.swift; sourceTree = "<group>"; };
		36E693902C13A134007EE8BE /* LoginVC.swift */ = {isa = PBXFileReference; lastKnownFileType = sourcecode.swift; path = LoginVC.swift; sourceTree = "<group>"; };
		36E693932C13A156007EE8BE /* LoginVC.storyboard */ = {isa = PBXFileReference; lastKnownFileType = file.storyboard; path = LoginVC.storyboard; sourceTree = "<group>"; };
		36E693962C13A27E007EE8BE /* SignUpVC.storyboard */ = {isa = PBXFileReference; lastKnownFileType = file.storyboard; path = SignUpVC.storyboard; sourceTree = "<group>"; };
		36E693982C13A294007EE8BE /* SignUpVC.swift */ = {isa = PBXFileReference; lastKnownFileType = sourcecode.swift; path = SignUpVC.swift; sourceTree = "<group>"; };
/* End PBXFileReference section */

/* Begin PBXFrameworksBuildPhase section */
		36AB9A342C12A5AC00259149 /* Frameworks */ = {
			isa = PBXFrameworksBuildPhase;
			buildActionMask = 2147483647;
			files = (
			);
			runOnlyForDeploymentPostprocessing = 0;
		};
/* End PBXFrameworksBuildPhase section */

/* Begin PBXGroup section */
		36AB9A2E2C12A5AC00259149 = {
			isa = PBXGroup;
			children = (
				36AB9A392C12A5AC00259149 /* Falcon */,
				36AB9A382C12A5AC00259149 /* Products */,
			);
			sourceTree = "<group>";
		};
		36AB9A382C12A5AC00259149 /* Products */ = {
			isa = PBXGroup;
			children = (
				36AB9A372C12A5AC00259149 /* Falcon.app */,
			);
			name = Products;
			sourceTree = "<group>";
		};
		36AB9A392C12A5AC00259149 /* Falcon */ = {
			isa = PBXGroup;
			children = (
				36AB9A3A2C12A5AC00259149 /* AppDelegate.swift */,
				36AB9A3C2C12A5AC00259149 /* SceneDelegate.swift */,
				36AB9A3E2C12A5AC00259149 /* ViewController.swift */,
				36AB9A402C12A5AC00259149 /* Main.storyboard */,
				36E693952C13A259007EE8BE /* SignUp */,
				36E693922C13A142007EE8BE /* Login */,
				36E693892C138E50007EE8BE /* Welcome */,
				36AB9A432C12A5AD00259149 /* Assets.xcassets */,
				36AB9A452C12A5AD00259149 /* LaunchScreen.storyboard */,
				36AB9A482C12A5AD00259149 /* Info.plist */,
				36E6937D2C138899007EE8BE /* Fonts */,
			);
			path = Falcon;
			sourceTree = "<group>";
		};
		36E6937D2C138899007EE8BE /* Fonts */ = {
			isa = PBXGroup;
			children = (
				36E6937F2C1388F1007EE8BE /* Inter-Bold.ttf */,
				36E693802C1388F1007EE8BE /* Inter-Medium.ttf */,
				36E6937E2C1388F1007EE8BE /* Inter-Regular.ttf */,
				36E693812C1388F1007EE8BE /* Inter-Thin.ttf */,
			);
			path = Fonts;
			sourceTree = "<group>";
		};
		36E693892C138E50007EE8BE /* Welcome */ = {
			isa = PBXGroup;
			children = (
				36E6938A2C138E93007EE8BE /* Welcome1VC.swift */,
				36E6938C2C139796007EE8BE /* Welcome2VC.swift */,
				36E6938E2C139C4D007EE8BE /* Welcome3VC.swift */,
			);
			path = Welcome;
			sourceTree = "<group>";
		};
		36E693922C13A142007EE8BE /* Login */ = {
			isa = PBXGroup;
			children = (
				36E693902C13A134007EE8BE /* LoginVC.swift */,
				36E693932C13A156007EE8BE /* LoginVC.storyboard */,
			);
			path = Login;
			sourceTree = "<group>";
		};
		36E693952C13A259007EE8BE /* SignUp */ = {
			isa = PBXGroup;
			children = (
				36E693962C13A27E007EE8BE /* SignUpVC.storyboard */,
				36E693982C13A294007EE8BE /* SignUpVC.swift */,
			);
			path = SignUp;
			sourceTree = "<group>";
		};
/* End PBXGroup section */

/* Begin PBXNativeTarget section */
		36AB9A362C12A5AC00259149 /* Falcon */ = {
			isa = PBXNativeTarget;
			buildConfigurationList = 36AB9A4B2C12A5AD00259149 /* Build configuration list for PBXNativeTarget "Falcon" */;
			buildPhases = (
				36AB9A332C12A5AC00259149 /* Sources */,
				36AB9A342C12A5AC00259149 /* Frameworks */,
				36AB9A352C12A5AC00259149 /* Resources */,
			);
			buildRules = (
			);
			dependencies = (
			);
			name = Falcon;
			productName = Falcon;
			productReference = 36AB9A372C12A5AC00259149 /* Falcon.app */;
			productType = "com.apple.product-type.application";
		};
/* End PBXNativeTarget section */

/* Begin PBXProject section */
		36AB9A2F2C12A5AC00259149 /* Project object */ = {
			isa = PBXProject;
			attributes = {
				BuildIndependentTargetsInParallel = 1;
				LastSwiftUpdateCheck = 1530;
				LastUpgradeCheck = 1530;
				TargetAttributes = {
					36AB9A362C12A5AC00259149 = {
						CreatedOnToolsVersion = 15.3;
					};
				};
			};
			buildConfigurationList = 36AB9A322C12A5AC00259149 /* Build configuration list for PBXProject "Falcon" */;
			compatibilityVersion = "Xcode 14.0";
			developmentRegion = en;
			hasScannedForEncodings = 0;
			knownRegions = (
				en,
				Base,
			);
			mainGroup = 36AB9A2E2C12A5AC00259149;
			productRefGroup = 36AB9A382C12A5AC00259149 /* Products */;
			projectDirPath = "";
			projectRoot = "";
			targets = (
				36AB9A362C12A5AC00259149 /* Falcon */,
			);
		};
/* End PBXProject section */

/* Begin PBXResourcesBuildPhase section */
		36AB9A352C12A5AC00259149 /* Resources */ = {
			isa = PBXResourcesBuildPhase;
			buildActionMask = 2147483647;
			files = (
				36E693862C138C51007EE8BE /* Inter-Bold.ttf in Resources */,
				36E693872C138C51007EE8BE /* Inter-Regular.ttf in Resources */,
				36E693882C138C51007EE8BE /* Inter-Thin.ttf in Resources */,
				36E693972C13A27E007EE8BE /* SignUpVC.storyboard in Resources */,
				36E693942C13A156007EE8BE /* LoginVC.storyboard in Resources */,
				36AB9A442C12A5AD00259149 /* Assets.xcassets in Resources */,
				36E693842C1388F1007EE8BE /* Inter-Medium.ttf in Resources */,
				36AB9A472C12A5AD00259149 /* Base in Resources */,
				36AB9A422C12A5AC00259149 /* Base in Resources */,
			);
			runOnlyForDeploymentPostprocessing = 0;
		};
/* End PBXResourcesBuildPhase section */

/* Begin PBXSourcesBuildPhase section */
		36AB9A332C12A5AC00259149 /* Sources */ = {
			isa = PBXSourcesBuildPhase;
			buildActionMask = 2147483647;
			files = (
				36E693992C13A294007EE8BE /* SignUpVC.swift in Sources */,
				36AB9A3F2C12A5AC00259149 /* ViewController.swift in Sources */,
				36E6938B2C138E93007EE8BE /* Welcome1VC.swift in Sources */,
				36E693912C13A134007EE8BE /* LoginVC.swift in Sources */,
				36E6938D2C139796007EE8BE /* Welcome2VC.swift in Sources */,
				36E6938F2C139C4D007EE8BE /* Welcome3VC.swift in Sources */,
				36AB9A3B2C12A5AC00259149 /* AppDelegate.swift in Sources */,
				36AB9A3D2C12A5AC00259149 /* SceneDelegate.swift in Sources */,
			);
			runOnlyForDeploymentPostprocessing = 0;
		};
/* End PBXSourcesBuildPhase section */

/* Begin PBXVariantGroup section */
		36AB9A402C12A5AC00259149 /* Main.storyboard */ = {
			isa = PBXVariantGroup;
			children = (
				36AB9A412C12A5AC00259149 /* Base */,
			);
			name = Main.storyboard;
			sourceTree = "<group>";
		};
		36AB9A452C12A5AD00259149 /* LaunchScreen.storyboard */ = {
			isa = PBXVariantGroup;
			children = (
				36AB9A462C12A5AD00259149 /* Base */,
			);
			name = LaunchScreen.storyboard;
			sourceTree = "<group>";
		};
/* End PBXVariantGroup section */

/* Begin XCBuildConfiguration section */
		36AB9A492C12A5AD00259149 /* Debug */ = {
			isa = XCBuildConfiguration;
			buildSettings = {
				ALWAYS_SEARCH_USER_PATHS = NO;
				ASSETCATALOG_COMPILER_GENERATE_SWIFT_ASSET_SYMBOL_EXTENSIONS = YES;
				CLANG_ANALYZER_NONNULL = YES;
				CLANG_ANALYZER_NUMBER_OBJECT_CONVERSION = YES_AGGRESSIVE;
				CLANG_CXX_LANGUAGE_STANDARD = "gnu++20";
				CLANG_ENABLE_MODULES = YES;
				CLANG_ENABLE_OBJC_ARC = YES;
				CLANG_ENABLE_OBJC_WEAK = YES;
				CLANG_WARN_BLOCK_CAPTURE_AUTORELEASING = YES;
				CLANG_WARN_BOOL_CONVERSION = YES;
				CLANG_WARN_COMMA = YES;
				CLANG_WARN_CONSTANT_CONVERSION = YES;
				CLANG_WARN_DEPRECATED_OBJC_IMPLEMENTATIONS = YES;
				CLANG_WARN_DIRECT_OBJC_ISA_USAGE = YES_ERROR;
				CLANG_WARN_DOCUMENTATION_COMMENTS = YES;
				CLANG_WARN_EMPTY_BODY = YES;
				CLANG_WARN_ENUM_CONVERSION = YES;
				CLANG_WARN_INFINITE_RECURSION = YES;
				CLANG_WARN_INT_CONVERSION = YES;
				CLANG_WARN_NON_LITERAL_NULL_CONVERSION = YES;
				CLANG_WARN_OBJC_IMPLICIT_RETAIN_SELF = YES;
				CLANG_WARN_OBJC_LITERAL_CONVERSION = YES;
				CLANG_WARN_OBJC_ROOT_CLASS = YES_ERROR;
				CLANG_WARN_QUOTED_INCLUDE_IN_FRAMEWORK_HEADER = YES;
				CLANG_WARN_RANGE_LOOP_ANALYSIS = YES;
				CLANG_WARN_STRICT_PROTOTYPES = YES;
				CLANG_WARN_SUSPICIOUS_MOVE = YES;
				CLANG_WARN_UNGUARDED_AVAILABILITY = YES_AGGRESSIVE;
				CLANG_WARN_UNREACHABLE_CODE = YES;
				CLANG_WARN__DUPLICATE_METHOD_MATCH = YES;
				COPY_PHASE_STRIP = NO;
				DEBUG_INFORMATION_FORMAT = dwarf;
				ENABLE_STRICT_OBJC_MSGSEND = YES;
				ENABLE_TESTABILITY = YES;
				ENABLE_USER_SCRIPT_SANDBOXING = YES;
				GCC_C_LANGUAGE_STANDARD = gnu17;
				GCC_DYNAMIC_NO_PIC = NO;
				GCC_NO_COMMON_BLOCKS = YES;
				GCC_OPTIMIZATION_LEVEL = 0;
				GCC_PREPROCESSOR_DEFINITIONS = (
					"DEBUG=1",
					"$(inherited)",
				);
				GCC_WARN_64_TO_32_BIT_CONVERSION = YES;
				GCC_WARN_ABOUT_RETURN_TYPE = YES_ERROR;
				GCC_WARN_UNDECLARED_SELECTOR = YES;
				GCC_WARN_UNINITIALIZED_AUTOS = YES_AGGRESSIVE;
				GCC_WARN_UNUSED_FUNCTION = YES;
				GCC_WARN_UNUSED_VARIABLE = YES;
				IPHONEOS_DEPLOYMENT_TARGET = 13.0;
				LOCALIZATION_PREFERS_STRING_CATALOGS = YES;
				MTL_ENABLE_DEBUG_INFO = INCLUDE_SOURCE;
				MTL_FAST_MATH = YES;
				ONLY_ACTIVE_ARCH = YES;
				SDKROOT = iphoneos;
				SWIFT_ACTIVE_COMPILATION_CONDITIONS = "DEBUG $(inherited)";
				SWIFT_OPTIMIZATION_LEVEL = "-Onone";
			};
			name = Debug;
		};
		36AB9A4A2C12A5AD00259149 /* Release */ = {
			isa = XCBuildConfiguration;
			buildSettings = {
				ALWAYS_SEARCH_USER_PATHS = NO;
				ASSETCATALOG_COMPILER_GENERATE_SWIFT_ASSET_SYMBOL_EXTENSIONS = YES;
				CLANG_ANALYZER_NONNULL = YES;
				CLANG_ANALYZER_NUMBER_OBJECT_CONVERSION = YES_AGGRESSIVE;
				CLANG_CXX_LANGUAGE_STANDARD = "gnu++20";
				CLANG_ENABLE_MODULES = YES;
				CLANG_ENABLE_OBJC_ARC = YES;
				CLANG_ENABLE_OBJC_WEAK = YES;
				CLANG_WARN_BLOCK_CAPTURE_AUTORELEASING = YES;
				CLANG_WARN_BOOL_CONVERSION = YES;
				CLANG_WARN_COMMA = YES;
				CLANG_WARN_CONSTANT_CONVERSION = YES;
				CLANG_WARN_DEPRECATED_OBJC_IMPLEMENTATIONS = YES;
				CLANG_WARN_DIRECT_OBJC_ISA_USAGE = YES_ERROR;
				CLANG_WARN_DOCUMENTATION_COMMENTS = YES;
				CLANG_WARN_EMPTY_BODY = YES;
				CLANG_WARN_ENUM_CONVERSION = YES;
				CLANG_WARN_INFINITE_RECURSION = YES;
				CLANG_WARN_INT_CONVERSION = YES;
				CLANG_WARN_NON_LITERAL_NULL_CONVERSION = YES;
				CLANG_WARN_OBJC_IMPLICIT_RETAIN_SELF = YES;
				CLANG_WARN_OBJC_LITERAL_CONVERSION = YES;
				CLANG_WARN_OBJC_ROOT_CLASS = YES_ERROR;
				CLANG_WARN_QUOTED_INCLUDE_IN_FRAMEWORK_HEADER = YES;
				CLANG_WARN_RANGE_LOOP_ANALYSIS = YES;
				CLANG_WARN_STRICT_PROTOTYPES = YES;
				CLANG_WARN_SUSPICIOUS_MOVE = YES;
				CLANG_WARN_UNGUARDED_AVAILABILITY = YES_AGGRESSIVE;
				CLANG_WARN_UNREACHABLE_CODE = YES;
				CLANG_WARN__DUPLICATE_METHOD_MATCH = YES;
				COPY_PHASE_STRIP = NO;
				DEBUG_INFORMATION_FORMAT = "dwarf-with-dsym";
				ENABLE_NS_ASSERTIONS = NO;
				ENABLE_STRICT_OBJC_MSGSEND = YES;
				ENABLE_USER_SCRIPT_SANDBOXING = YES;
				GCC_C_LANGUAGE_STANDARD = gnu17;
				GCC_NO_COMMON_BLOCKS = YES;
				GCC_WARN_64_TO_32_BIT_CONVERSION = YES;
				GCC_WARN_ABOUT_RETURN_TYPE = YES_ERROR;
				GCC_WARN_UNDECLARED_SELECTOR = YES;
				GCC_WARN_UNINITIALIZED_AUTOS = YES_AGGRESSIVE;
				GCC_WARN_UNUSED_FUNCTION = YES;
				GCC_WARN_UNUSED_VARIABLE = YES;
				IPHONEOS_DEPLOYMENT_TARGET = 13.0;
				LOCALIZATION_PREFERS_STRING_CATALOGS = YES;
				MTL_ENABLE_DEBUG_INFO = NO;
				MTL_FAST_MATH = YES;
				SDKROOT = iphoneos;
				SWIFT_COMPILATION_MODE = wholemodule;
				VALIDATE_PRODUCT = YES;
			};
			name = Release;
		};
		36AB9A4C2C12A5AD00259149 /* Debug */ = {
			isa = XCBuildConfiguration;
			buildSettings = {
				ASSETCATALOG_COMPILER_APPICON_NAME = AppIcon;
				ASSETCATALOG_COMPILER_GLOBAL_ACCENT_COLOR_NAME = AccentColor;
				CODE_SIGN_STYLE = Automatic;
				CURRENT_PROJECT_VERSION = 1;
				DEVELOPMENT_TEAM = 57BB6YGTBS;
				GENERATE_INFOPLIST_FILE = YES;
				INFOPLIST_FILE = Falcon/Info.plist;
				INFOPLIST_KEY_UIApplicationSupportsIndirectInputEvents = YES;
				INFOPLIST_KEY_UILaunchStoryboardName = LaunchScreen;
				INFOPLIST_KEY_UIMainStoryboardFile = Main;
				INFOPLIST_KEY_UISupportedInterfaceOrientations_iPad = "UIInterfaceOrientationPortrait UIInterfaceOrientationPortraitUpsideDown UIInterfaceOrientationLandscapeLeft UIInterfaceOrientationLandscapeRight";
				INFOPLIST_KEY_UISupportedInterfaceOrientations_iPhone = "UIInterfaceOrientationPortrait UIInterfaceOrientationLandscapeLeft UIInterfaceOrientationLandscapeRight";
				IPHONEOS_DEPLOYMENT_TARGET = 13.0;
				LD_RUNPATH_SEARCH_PATHS = (
					"$(inherited)",
					"@executable_path/Frameworks",
				);
				MARKETING_VERSION = 1.0;
				PRODUCT_BUNDLE_IDENTIFIER = "mag-isb.Falcon";
				PRODUCT_NAME = "$(TARGET_NAME)";
				SWIFT_EMIT_LOC_STRINGS = YES;
				SWIFT_VERSION = 5.0;
				TARGETED_DEVICE_FAMILY = "1,2";
			};
			name = Debug;
		};
		36AB9A4D2C12A5AD00259149 /* Release */ = {
			isa = XCBuildConfiguration;
			buildSettings = {
				ASSETCATALOG_COMPILER_APPICON_NAME = AppIcon;
				ASSETCATALOG_COMPILER_GLOBAL_ACCENT_COLOR_NAME = AccentColor;
				CODE_SIGN_STYLE = Automatic;
				CURRENT_PROJECT_VERSION = 1;
				DEVELOPMENT_TEAM = 57BB6YGTBS;
				GENERATE_INFOPLIST_FILE = YES;
				INFOPLIST_FILE = Falcon/Info.plist;
				INFOPLIST_KEY_UIApplicationSupportsIndirectInputEvents = YES;
				INFOPLIST_KEY_UILaunchStoryboardName = LaunchScreen;
				INFOPLIST_KEY_UIMainStoryboardFile = Main;
				INFOPLIST_KEY_UISupportedInterfaceOrientations_iPad = "UIInterfaceOrientationPortrait UIInterfaceOrientationPortraitUpsideDown UIInterfaceOrientationLandscapeLeft UIInterfaceOrientationLandscapeRight";
				INFOPLIST_KEY_UISupportedInterfaceOrientations_iPhone = "UIInterfaceOrientationPortrait UIInterfaceOrientationLandscapeLeft UIInterfaceOrientationLandscapeRight";
				IPHONEOS_DEPLOYMENT_TARGET = 13.0;
				LD_RUNPATH_SEARCH_PATHS = (
					"$(inherited)",
					"@executable_path/Frameworks",
				);
				MARKETING_VERSION = 1.0;
				PRODUCT_BUNDLE_IDENTIFIER = "mag-isb.Falcon";
				PRODUCT_NAME = "$(TARGET_NAME)";
				SWIFT_EMIT_LOC_STRINGS = YES;
				SWIFT_VERSION = 5.0;
				TARGETED_DEVICE_FAMILY = "1,2";
			};
			name = Release;
		};
/* End XCBuildConfiguration section */

/* Begin XCConfigurationList section */
		36AB9A322C12A5AC00259149 /* Build configuration list for PBXProject "Falcon" */ = {
			isa = XCConfigurationList;
			buildConfigurations = (
				36AB9A492C12A5AD00259149 /* Debug */,
				36AB9A4A2C12A5AD00259149 /* Release */,
			);
			defaultConfigurationIsVisible = 0;
			defaultConfigurationName = Release;
		};
		36AB9A4B2C12A5AD00259149 /* Build configuration list for PBXNativeTarget "Falcon" */ = {
			isa = XCConfigurationList;
			buildConfigurations = (
				36AB9A4C2C12A5AD00259149 /* Debug */,
				36AB9A4D2C12A5AD00259149 /* Release */,
			);
			defaultConfigurationIsVisible = 0;
			defaultConfigurationName = Release;
		};
/* End XCConfigurationList section */
	};
	rootObject = 36AB9A2F2C12A5AC00259149 /* Project object */;
}
